
Microsoft Visual Studio Solution File, Format Version 12.00
# Visual Studio Version 17
VisualStudioVersion = 17.13.35825.156 d17.13
MinimumVisualStudioVersion = 10.0.40219.1
Project("{FAE04EC0-301F-11D3-BF4B-00C04F79EFBC}") = "docso_to chu", "docso_to chu.csproj", "{76B3A1EF-473F-46B7-856F-A0734F677680}"
EndProject
Global
	GlobalSection(SolutionConfigurationPlatforms) = preSolution
		Debug|Any CPU = Debug|Any CPU
		Release|Any CPU = Release|Any CPU
	EndGlobalSection
	GlobalSection(ProjectConfigurationPlatforms) = postSolution
		{76B3A1EF-473F-46B7-856F-A0734F677680}.Debug|Any CPU.ActiveCfg = Debug|Any CPU
		{76B3A1EF-473F-46B7-856F-A0734F677680}.Debug|Any CPU.Build.0 = Debug|Any CPU
		{76B3A1EF-473F-46B7-856F-A0734F677680}.Release|Any CPU.ActiveCfg = Release|Any CPU
		{76B3A1EF-473F-46B7-856F-A0734F677680}.Release|Any CPU.Build.0 = Release|Any CPU
	EndGlobalSection
	GlobalSection(SolutionProperties) = preSolution
		HideSolutionNode = FALSE
	EndGlobalSection
	GlobalSection(ExtensibilityGlobals) = postSolution
		SolutionGuid = {A23B48E5-42AC-4551-9CC7-8D9B342B1258}
	EndGlobalSection
EndGlobal
