
Microsoft Visual Studio Solution File, Format Version 12.00
# Visual Studio Version 17
VisualStudioVersion = 17.13.35825.156 d17.13
MinimumVisualStudioVersion = 10.0.40219.1
Project("{FAE04EC0-301F-11D3-BF4B-00C04F79EFBC}") = "BAI3", "BAI3.csproj", "{D0BDAED7-7EDD-446B-A30F-B77D5483E903}"
EndProject
Global
	GlobalSection(SolutionConfigurationPlatforms) = preSolution
		Debug|Any CPU = Debug|Any CPU
		Release|Any CPU = Release|Any CPU
	EndGlobalSection
	GlobalSection(ProjectConfigurationPlatforms) = postSolution
		{D0BDAED7-7EDD-446B-A30F-B77D5483E903}.Debug|Any CPU.ActiveCfg = Debug|Any CPU
		{D0BDAED7-7EDD-446B-A30F-B77D5483E903}.Debug|Any CPU.Build.0 = Debug|Any CPU
		{D0BDAED7-7EDD-446B-A30F-B77D5483E903}.Release|Any CPU.ActiveCfg = Release|Any CPU
		{D0BDAED7-7EDD-446B-A30F-B77D5483E903}.Release|Any CPU.Build.0 = Release|Any CPU
	EndGlobalSection
	GlobalSection(SolutionProperties) = preSolution
		HideSolutionNode = FALSE
	EndGlobalSection
	GlobalSection(ExtensibilityGlobals) = postSolution
		SolutionGuid = {D8563D78-7307-4BB6-8F52-DB5DBC9FAA88}
	EndGlobalSection
EndGlobal
