
Microsoft Visual Studio Solution File, Format Version 12.00
# Visual Studio Version 17
VisualStudioVersion = 17.13.35825.156 d17.13
MinimumVisualStudioVersion = 10.0.40219.1
Project("{FAE04EC0-301F-11D3-BF4B-00C04F79EFBC}") = "tinh_so_ngay_trongthang", "tinh_so_ngay_trongthang.csproj", "{2672D8AB-71C7-409D-BB06-BB10C22D5122}"
EndProject
Global
	GlobalSection(SolutionConfigurationPlatforms) = preSolution
		Debug|Any CPU = Debug|Any CPU
		Release|Any CPU = Release|Any CPU
	EndGlobalSection
	GlobalSection(ProjectConfigurationPlatforms) = postSolution
		{2672D8AB-71C7-409D-BB06-BB10C22D5122}.Debug|Any CPU.ActiveCfg = Debug|Any CPU
		{2672D8AB-71C7-409D-BB06-BB10C22D5122}.Debug|Any CPU.Build.0 = Debug|Any CPU
		{2672D8AB-71C7-409D-BB06-BB10C22D5122}.Release|Any CPU.ActiveCfg = Release|Any CPU
		{2672D8AB-71C7-409D-BB06-BB10C22D5122}.Release|Any CPU.Build.0 = Release|Any CPU
	EndGlobalSection
	GlobalSection(SolutionProperties) = preSolution
		HideSolutionNode = FALSE
	EndGlobalSection
	GlobalSection(ExtensibilityGlobals) = postSolution
		SolutionGuid = {B0201F5A-2904-4E99-A42F-92EF10B2B8C9}
	EndGlobalSection
EndGlobal
