
Microsoft Visual Studio Solution File, Format Version 12.00
# Visual Studio Version 17
VisualStudioVersion = 17.13.35825.156 d17.13
MinimumVisualStudioVersion = 10.0.40219.1
Project("{FAE04EC0-301F-11D3-BF4B-00C04F79EFBC}") = "phuong_trinh_bat_nhat", "phuong_trinh_bat_nhat.csproj", "{9CD69880-105A-4526-8F98-674C56741AA0}"
EndProject
Global
	GlobalSection(SolutionConfigurationPlatforms) = preSolution
		Debug|Any CPU = Debug|Any CPU
		Release|Any CPU = Release|Any CPU
	EndGlobalSection
	GlobalSection(ProjectConfigurationPlatforms) = postSolution
		{9CD69880-105A-4526-8F98-674C56741AA0}.Debug|Any CPU.ActiveCfg = Debug|Any CPU
		{9CD69880-105A-4526-8F98-674C56741AA0}.Debug|Any CPU.Build.0 = Debug|Any CPU
		{9CD69880-105A-4526-8F98-674C56741AA0}.Release|Any CPU.ActiveCfg = Release|Any CPU
		{9CD69880-105A-4526-8F98-674C56741AA0}.Release|Any CPU.Build.0 = Release|Any CPU
	EndGlobalSection
	GlobalSection(SolutionProperties) = preSolution
		HideSolutionNode = FALSE
	EndGlobalSection
	GlobalSection(ExtensibilityGlobals) = postSolution
		SolutionGuid = {7733CCCF-0818-4096-8A2A-81247783C594}
	EndGlobalSection
EndGlobal
