
Microsoft Visual Studio Solution File, Format Version 12.00
# Visual Studio Version 17
VisualStudioVersion = 17.13.35825.156 d17.13
MinimumVisualStudioVersion = 10.0.40219.1
Project("{FAE04EC0-301F-11D3-BF4B-00C04F79EFBC}") = "ThemPhanTuVaoMang", "ThemPhanTuVaoMang.csproj", "{2E0F0C08-C423-4C8C-9D39-0FAB493BD667}"
EndProject
Global
	GlobalSection(SolutionConfigurationPlatforms) = preSolution
		Debug|Any CPU = Debug|Any CPU
		Release|Any CPU = Release|Any CPU
	EndGlobalSection
	GlobalSection(ProjectConfigurationPlatforms) = postSolution
		{2E0F0C08-C423-4C8C-9D39-0FAB493BD667}.Debug|Any CPU.ActiveCfg = Debug|Any CPU
		{2E0F0C08-C423-4C8C-9D39-0FAB493BD667}.Debug|Any CPU.Build.0 = Debug|Any CPU
		{2E0F0C08-C423-4C8C-9D39-0FAB493BD667}.Release|Any CPU.ActiveCfg = Release|Any CPU
		{2E0F0C08-C423-4C8C-9D39-0FAB493BD667}.Release|Any CPU.Build.0 = Release|Any CPU
	EndGlobalSection
	GlobalSection(SolutionProperties) = preSolution
		HideSolutionNode = FALSE
	EndGlobalSection
	GlobalSection(ExtensibilityGlobals) = postSolution
		SolutionGuid = {C4D888D8-DACD-4829-8677-4B1F8C829E14}
	EndGlobalSection
EndGlobal
