
Microsoft Visual Studio Solution File, Format Version 12.00
# Visual Studio Version 17
VisualStudioVersion = 17.13.35825.156 d17.13
MinimumVisualStudioVersion = 10.0.40219.1
Project("{FAE04EC0-301F-11D3-BF4B-00C04F79EFBC}") = "khai_bao_bien_b3", "khai_bao_bien_b3.csproj", "{BA394D86-F0A6-49E3-BFC8-33EC9C53BF03}"
EndProject
Global
	GlobalSection(SolutionConfigurationPlatforms) = preSolution
		Debug|Any CPU = Debug|Any CPU
		Release|Any CPU = Release|Any CPU
	EndGlobalSection
	GlobalSection(ProjectConfigurationPlatforms) = postSolution
		{BA394D86-F0A6-49E3-BFC8-33EC9C53BF03}.Debug|Any CPU.ActiveCfg = Debug|Any CPU
		{BA394D86-F0A6-49E3-BFC8-33EC9C53BF03}.Debug|Any CPU.Build.0 = Debug|Any CPU
		{BA394D86-F0A6-49E3-BFC8-33EC9C53BF03}.Release|Any CPU.ActiveCfg = Release|Any CPU
		{BA394D86-F0A6-49E3-BFC8-33EC9C53BF03}.Release|Any CPU.Build.0 = Release|Any CPU
	EndGlobalSection
	GlobalSection(SolutionProperties) = preSolution
		HideSolutionNode = FALSE
	EndGlobalSection
	GlobalSection(ExtensibilityGlobals) = postSolution
		SolutionGuid = {B7224B8C-9B0E-45E7-A6D9-CD95CD80F259}
	EndGlobalSection
EndGlobal
